
Microsoft Visual Studio Solution File, Format Version 12.00
# Visual Studio Version 17
VisualStudioVersion = 17.7.34221.43
MinimumVisualStudioVersion = 10.0.40219.1
Project("{9A19103F-16F7-4668-BE54-9A1E7A4F7556}") = "DavesList.Api", "DavesList.Api\DavesList.Api.csproj", "{EE5F054C-4537-4207-ADF9-56F9C32ABC94}"
EndProject
Project("{9A19103F-16F7-4668-BE54-9A1E7A4F7556}") = "Identity.Entities", "Identity.Entities\Identity.Entities.csproj", "{6A3F3A9C-7051-4429-8775-BB4F34D8B92E}"
EndProject
Project("{FAE04EC0-301F-11D3-BF4B-00C04F79EFBC}") = "Identity.Services", "Identity.Services\Identity.Services.csproj", "{DFEF99E1-9AEC-47AE-8BF3-1F8B3D32C9FB}"
EndProject
Project("{9A19103F-16F7-4668-BE54-9A1E7A4F7556}") = "DavesList.Services", "DavesList.Services\DavesList.Services.csproj", "{69CC136B-807E-434B-A0DC-45DA240A622B}"
EndProject
Project("{FAE04EC0-301F-11D3-BF4B-00C04F79EFBC}") = "DavesList.Models", "DavesList.Models\DavesList.Models.csproj", "{AD0A244E-42B4-4324-AD4D-8F1966ECB685}"
EndProject
Global
	GlobalSection(SolutionConfigurationPlatforms) = preSolution
		Debug|Any CPU = Debug|Any CPU
		Release|Any CPU = Release|Any CPU
	EndGlobalSection
	GlobalSection(ProjectConfigurationPlatforms) = postSolution
		{EE5F054C-4537-4207-ADF9-56F9C32ABC94}.Debug|Any CPU.ActiveCfg = Debug|Any CPU
		{EE5F054C-4537-4207-ADF9-56F9C32ABC94}.Debug|Any CPU.Build.0 = Debug|Any CPU
		{EE5F054C-4537-4207-ADF9-56F9C32ABC94}.Release|Any CPU.ActiveCfg = Release|Any CPU
		{EE5F054C-4537-4207-ADF9-56F9C32ABC94}.Release|Any CPU.Build.0 = Release|Any CPU
		{6A3F3A9C-7051-4429-8775-BB4F34D8B92E}.Debug|Any CPU.ActiveCfg = Debug|Any CPU
		{6A3F3A9C-7051-4429-8775-BB4F34D8B92E}.Debug|Any CPU.Build.0 = Debug|Any CPU
		{6A3F3A9C-7051-4429-8775-BB4F34D8B92E}.Release|Any CPU.ActiveCfg = Release|Any CPU
		{6A3F3A9C-7051-4429-8775-BB4F34D8B92E}.Release|Any CPU.Build.0 = Release|Any CPU
		{DFEF99E1-9AEC-47AE-8BF3-1F8B3D32C9FB}.Debug|Any CPU.ActiveCfg = Debug|Any CPU
		{DFEF99E1-9AEC-47AE-8BF3-1F8B3D32C9FB}.Debug|Any CPU.Build.0 = Debug|Any CPU
		{DFEF99E1-9AEC-47AE-8BF3-1F8B3D32C9FB}.Release|Any CPU.ActiveCfg = Release|Any CPU
		{DFEF99E1-9AEC-47AE-8BF3-1F8B3D32C9FB}.Release|Any CPU.Build.0 = Release|Any CPU
		{69CC136B-807E-434B-A0DC-45DA240A622B}.Debug|Any CPU.ActiveCfg = Debug|Any CPU
		{69CC136B-807E-434B-A0DC-45DA240A622B}.Debug|Any CPU.Build.0 = Debug|Any CPU
		{69CC136B-807E-434B-A0DC-45DA240A622B}.Release|Any CPU.ActiveCfg = Release|Any CPU
		{69CC136B-807E-434B-A0DC-45DA240A622B}.Release|Any CPU.Build.0 = Release|Any CPU
		{AD0A244E-42B4-4324-AD4D-8F1966ECB685}.Debug|Any CPU.ActiveCfg = Debug|Any CPU
		{AD0A244E-42B4-4324-AD4D-8F1966ECB685}.Debug|Any CPU.Build.0 = Debug|Any CPU
		{AD0A244E-42B4-4324-AD4D-8F1966ECB685}.Release|Any CPU.ActiveCfg = Release|Any CPU
		{AD0A244E-42B4-4324-AD4D-8F1966ECB685}.Release|Any CPU.Build.0 = Release|Any CPU
	EndGlobalSection
	GlobalSection(SolutionProperties) = preSolution
		HideSolutionNode = FALSE
	EndGlobalSection
	GlobalSection(ExtensibilityGlobals) = postSolution
		SolutionGuid = {6372DA6D-D518-4958-A19B-456C12285B11}
	EndGlobalSection
EndGlobal
